
Microsoft Visual Studio Solution File, Format Version 11.00
# Visual Studio 2010
# SharpDevelop 5.1
Project("{FAE04EC0-301F-11D3-BF4B-00C04F79EFBC}") = "Words2.0", "Words2.0\Words2.0.csproj", "{BA8F0E64-8E42-4C43-B796-9B752C771971}"
EndProject
Global
	GlobalSection(SolutionConfigurationPlatforms) = preSolution
		Debug|Any CPU = Debug|Any CPU
		Release|Any CPU = Release|Any CPU
	EndGlobalSection
	GlobalSection(ProjectConfigurationPlatforms) = postSolution
		{BA8F0E64-8E42-4C43-B796-9B752C771971}.Debug|Any CPU.ActiveCfg = Debug|Any CPU
		{BA8F0E64-8E42-4C43-B796-9B752C771971}.Debug|Any CPU.Build.0 = Debug|Any CPU
		{BA8F0E64-8E42-4C43-B796-9B752C771971}.Release|Any CPU.ActiveCfg = Release|Any CPU
		{BA8F0E64-8E42-4C43-B796-9B752C771971}.Release|Any CPU.Build.0 = Release|Any CPU
	EndGlobalSection
EndGlobal
