
Microsoft Visual Studio Solution File, Format Version 11.00
# Visual Studio 2010
# SharpDevelop 5.1
Project("{FAE04EC0-301F-11D3-BF4B-00C04F79EFBC}") = "Равни числа", "Равни числа\Равни числа.csproj", "{978E7E08-F50C-409E-ABE1-4773666AB517}"
EndProject
Global
	GlobalSection(SolutionConfigurationPlatforms) = preSolution
		Debug|Any CPU = Debug|Any CPU
		Release|Any CPU = Release|Any CPU
	EndGlobalSection
	GlobalSection(ProjectConfigurationPlatforms) = postSolution
		{978E7E08-F50C-409E-ABE1-4773666AB517}.Debug|Any CPU.ActiveCfg = Debug|Any CPU
		{978E7E08-F50C-409E-ABE1-4773666AB517}.Debug|Any CPU.Build.0 = Debug|Any CPU
		{978E7E08-F50C-409E-ABE1-4773666AB517}.Release|Any CPU.ActiveCfg = Release|Any CPU
		{978E7E08-F50C-409E-ABE1-4773666AB517}.Release|Any CPU.Build.0 = Release|Any CPU
	EndGlobalSection
EndGlobal
