
Microsoft Visual Studio Solution File, Format Version 11.00
# Visual Studio 2010
# SharpDevelop 4.3
Project("{FAE04EC0-301F-11D3-BF4B-00C04F79EFBC}") = "Отпуснати кредити", "Отпуснати кредити\Отпуснати кредити.csproj", "{F4A06F6B-ECC7-42D7-A6CE-6765F25DCC37}"
EndProject
Global
	GlobalSection(SolutionConfigurationPlatforms) = preSolution
		Debug|Any CPU = Debug|Any CPU
		Release|Any CPU = Release|Any CPU
	EndGlobalSection
	GlobalSection(ProjectConfigurationPlatforms) = postSolution
		{F4A06F6B-ECC7-42D7-A6CE-6765F25DCC37}.Debug|Any CPU.Build.0 = Debug|Any CPU
		{F4A06F6B-ECC7-42D7-A6CE-6765F25DCC37}.Debug|Any CPU.ActiveCfg = Debug|Any CPU
		{F4A06F6B-ECC7-42D7-A6CE-6765F25DCC37}.Release|Any CPU.Build.0 = Release|Any CPU
		{F4A06F6B-ECC7-42D7-A6CE-6765F25DCC37}.Release|Any CPU.ActiveCfg = Release|Any CPU
	EndGlobalSection
EndGlobal
