
Microsoft Visual Studio Solution File, Format Version 11.00
# Visual Studio 2010
# SharpDevelop 5.1
Project("{FAE04EC0-301F-11D3-BF4B-00C04F79EFBC}") = "Действия с множества", "Действия с множества\Действия с множества.csproj", "{8211C674-0774-4F36-91D6-C60D033A2D9C}"
EndProject
Global
	GlobalSection(SolutionConfigurationPlatforms) = preSolution
		Debug|Any CPU = Debug|Any CPU
		Release|Any CPU = Release|Any CPU
	EndGlobalSection
	GlobalSection(ProjectConfigurationPlatforms) = postSolution
		{8211C674-0774-4F36-91D6-C60D033A2D9C}.Debug|Any CPU.ActiveCfg = Debug|Any CPU
		{8211C674-0774-4F36-91D6-C60D033A2D9C}.Debug|Any CPU.Build.0 = Debug|Any CPU
		{8211C674-0774-4F36-91D6-C60D033A2D9C}.Release|Any CPU.ActiveCfg = Release|Any CPU
		{8211C674-0774-4F36-91D6-C60D033A2D9C}.Release|Any CPU.Build.0 = Release|Any CPU
	EndGlobalSection
EndGlobal
