
Microsoft Visual Studio Solution File, Format Version 11.00
# Visual Studio 2010
# SharpDevelop 5.1
Project("{FAE04EC0-301F-11D3-BF4B-00C04F79EFBC}") = "Първото по-малко число", "Първото по-малко число\Първото по-малко число.csproj", "{2EEB5BB6-49DA-40F4-8C32-DA1FF6DBE8C4}"
EndProject
Global
	GlobalSection(SolutionConfigurationPlatforms) = preSolution
		Debug|Any CPU = Debug|Any CPU
		Release|Any CPU = Release|Any CPU
	EndGlobalSection
	GlobalSection(ProjectConfigurationPlatforms) = postSolution
		{2EEB5BB6-49DA-40F4-8C32-DA1FF6DBE8C4}.Debug|Any CPU.ActiveCfg = Debug|Any CPU
		{2EEB5BB6-49DA-40F4-8C32-DA1FF6DBE8C4}.Debug|Any CPU.Build.0 = Debug|Any CPU
		{2EEB5BB6-49DA-40F4-8C32-DA1FF6DBE8C4}.Release|Any CPU.ActiveCfg = Release|Any CPU
		{2EEB5BB6-49DA-40F4-8C32-DA1FF6DBE8C4}.Release|Any CPU.Build.0 = Release|Any CPU
	EndGlobalSection
EndGlobal
