
Microsoft Visual Studio Solution File, Format Version 11.00
# Visual Studio 2010
# SharpDevelop 5.1
Project("{FAE04EC0-301F-11D3-BF4B-00C04F79EFBC}") = "Parallelepiped 2.0", "Parallelepiped 2.0\Parallelepiped 2.0.csproj", "{A7896FEB-412F-466B-8FAE-E7B4E03EB3F3}"
EndProject
Global
	GlobalSection(SolutionConfigurationPlatforms) = preSolution
		Debug|Any CPU = Debug|Any CPU
		Release|Any CPU = Release|Any CPU
	EndGlobalSection
	GlobalSection(ProjectConfigurationPlatforms) = postSolution
		{A7896FEB-412F-466B-8FAE-E7B4E03EB3F3}.Debug|Any CPU.ActiveCfg = Debug|Any CPU
		{A7896FEB-412F-466B-8FAE-E7B4E03EB3F3}.Debug|Any CPU.Build.0 = Debug|Any CPU
		{A7896FEB-412F-466B-8FAE-E7B4E03EB3F3}.Release|Any CPU.ActiveCfg = Release|Any CPU
		{A7896FEB-412F-466B-8FAE-E7B4E03EB3F3}.Release|Any CPU.Build.0 = Release|Any CPU
	EndGlobalSection
EndGlobal
