
Microsoft Visual Studio Solution File, Format Version 11.00
# Visual Studio 2010
# SharpDevelop 5.1
Project("{FAE04EC0-301F-11D3-BF4B-00C04F79EFBC}") = "TaskPoints", "TaskPoints\TaskPoints.csproj", "{F3933275-C0A5-4372-9FB6-1C0D5E9CB130}"
EndProject
Global
	GlobalSection(SolutionConfigurationPlatforms) = preSolution
		Debug|Any CPU = Debug|Any CPU
		Release|Any CPU = Release|Any CPU
	EndGlobalSection
	GlobalSection(ProjectConfigurationPlatforms) = postSolution
		{F3933275-C0A5-4372-9FB6-1C0D5E9CB130}.Debug|Any CPU.ActiveCfg = Debug|Any CPU
		{F3933275-C0A5-4372-9FB6-1C0D5E9CB130}.Debug|Any CPU.Build.0 = Debug|Any CPU
		{F3933275-C0A5-4372-9FB6-1C0D5E9CB130}.Release|Any CPU.ActiveCfg = Release|Any CPU
		{F3933275-C0A5-4372-9FB6-1C0D5E9CB130}.Release|Any CPU.Build.0 = Release|Any CPU
	EndGlobalSection
EndGlobal
